// !$*UTF8*$!
{
	archiveVersion = 1;
	classes = {
	};
	objectVersion = 51;
	objects = {

/* Begin PBXBuildFile section */
		A9C232F9B838C3853FE76101 /* Pods_NeuralNetworkTests.framework in Frameworks */ = {isa = PBXBuildFile; fileRef = 6322F2B2C8021E7533FC2746 /* Pods_NeuralNetworkTests.framework */; };
		D8196271235F67A900D78B3F /* MainWindowController.swift in Sources */ = {isa = PBXBuildFile; fileRef = D819626F235F67A900D78B3F /* MainWindowController.swift */; };
		D8196272235F67A900D78B3F /* MainWindowController.xib in Resources */ = {isa = PBXBuildFile; fileRef = D8196270235F67A900D78B3F /* MainWindowController.xib */; };
		D8196274235F683D00D78B3F /* MainScreenAssembly.swift in Sources */ = {isa = PBXBuildFile; fileRef = D8196273235F683D00D78B3F /* MainScreenAssembly.swift */; };
		D8196277235F6D1000D78B3F /* MainViewController.swift in Sources */ = {isa = PBXBuildFile; fileRef = D8196275235F6D1000D78B3F /* MainViewController.swift */; };
		D8196278235F6D1000D78B3F /* MainViewController.xib in Resources */ = {isa = PBXBuildFile; fileRef = D8196276235F6D1000D78B3F /* MainViewController.xib */; };
		D81962A3235F755800D78B3F /* MainMenu.xib in Resources */ = {isa = PBXBuildFile; fileRef = D81962A1235F755800D78B3F /* MainMenu.xib */; };
		D85007912364B0EE0052A514 /* BitmapView.swift in Sources */ = {isa = PBXBuildFile; fileRef = D85007902364B0EE0052A514 /* BitmapView.swift */; };
		D85007932364D5AC0052A514 /* BitmapViewModel.swift in Sources */ = {isa = PBXBuildFile; fileRef = D85007922364D5AC0052A514 /* BitmapViewModel.swift */; };
		D85007952364D5E10052A514 /* BitmapView.xib in Resources */ = {isa = PBXBuildFile; fileRef = D85007942364D5E10052A514 /* BitmapView.xib */; };
		D860225E23657E68003D0AAE /* NSNib+Extensions.swift in Sources */ = {isa = PBXBuildFile; fileRef = D860225D23657E68003D0AAE /* NSNib+Extensions.swift */; };
		D860226223658E53003D0AAE /* FileReader.swift in Sources */ = {isa = PBXBuildFile; fileRef = D860226123658E53003D0AAE /* FileReader.swift */; };
		D860226323658F17003D0AAE /* FileReader.swift in Sources */ = {isa = PBXBuildFile; fileRef = D860226123658E53003D0AAE /* FileReader.swift */; };
		D8602266236610CF003D0AAE /* MatrixTests.swift in Sources */ = {isa = PBXBuildFile; fileRef = D8602265236610CF003D0AAE /* MatrixTests.swift */; };
		D8A06E682374B4A300DD2433 /* testfile.txt in Resources */ = {isa = PBXBuildFile; fileRef = D8A06E672374B4A300DD2433 /* testfile.txt */; };
		D8A291E1236429BC00ABA223 /* CharactersParser.swift in Sources */ = {isa = PBXBuildFile; fileRef = D8C130E123638E6B007E421D /* CharactersParser.swift */; };
		D8A291E423642A5D00ABA223 /* CharacterMetadata.swift in Sources */ = {isa = PBXBuildFile; fileRef = D8C130DF23636F7C007E421D /* CharacterMetadata.swift */; };
		D8A291E723642DC900ABA223 /* Matrix.swift in Sources */ = {isa = PBXBuildFile; fileRef = D8BFB5FC235CC12C00D172E2 /* Matrix.swift */; };
		D8A291E92364398C00ABA223 /* MatrixIterator.swift in Sources */ = {isa = PBXBuildFile; fileRef = D8BFB5FB235CC12C00D172E2 /* MatrixIterator.swift */; };
		D8BFB5DD235CBE8B00D172E2 /* AppDelegate.swift in Sources */ = {isa = PBXBuildFile; fileRef = D8BFB5DC235CBE8B00D172E2 /* AppDelegate.swift */; };
		D8BFB5E1235CBE8B00D172E2 /* Assets.xcassets in Resources */ = {isa = PBXBuildFile; fileRef = D8BFB5E0235CBE8B00D172E2 /* Assets.xcassets */; };
		D8BFB5F0235CBE8C00D172E2 /* NeuralNetworkTests.swift in Sources */ = {isa = PBXBuildFile; fileRef = D8BFB5EF235CBE8C00D172E2 /* NeuralNetworkTests.swift */; };
		D8BFB601235CC12D00D172E2 /* MatrixIterator.swift in Sources */ = {isa = PBXBuildFile; fileRef = D8BFB5FB235CC12C00D172E2 /* MatrixIterator.swift */; };
		D8BFB602235CC12D00D172E2 /* Matrix.swift in Sources */ = {isa = PBXBuildFile; fileRef = D8BFB5FC235CC12C00D172E2 /* Matrix.swift */; };
		D8BFB603235CC12D00D172E2 /* MatrixExtensions.swift in Sources */ = {isa = PBXBuildFile; fileRef = D8BFB5FD235CC12C00D172E2 /* MatrixExtensions.swift */; };
		D8BFB605235CC12D00D172E2 /* NeuralNetwork.swift in Sources */ = {isa = PBXBuildFile; fileRef = D8BFB5FF235CC12D00D172E2 /* NeuralNetwork.swift */; };
		D8BFB607235CCB9500D172E2 /* CoreAssembly.swift in Sources */ = {isa = PBXBuildFile; fileRef = D8BFB606235CCB9500D172E2 /* CoreAssembly.swift */; };
		D8BFB609235CEA8600D172E2 /* ServicesPool.swift in Sources */ = {isa = PBXBuildFile; fileRef = D8BFB608235CEA8600D172E2 /* ServicesPool.swift */; };
		D8C130E023636F7C007E421D /* CharacterMetadata.swift in Sources */ = {isa = PBXBuildFile; fileRef = D8C130DF23636F7C007E421D /* CharacterMetadata.swift */; };
		D8C130E223638E6B007E421D /* CharactersParser.swift in Sources */ = {isa = PBXBuildFile; fileRef = D8C130E123638E6B007E421D /* CharactersParser.swift */; };
		D8C130E523638ECB007E421D /* BitmapMetadataParserTests.swift in Sources */ = {isa = PBXBuildFile; fileRef = D8C130E423638ECB007E421D /* BitmapMetadataParserTests.swift */; };
		D8CA5C8F237357810050308A /* NormalDistribution.swift in Sources */ = {isa = PBXBuildFile; fileRef = D8CA5C8E237357810050308A /* NormalDistribution.swift */; };
		D8CD4E662362EF8C001215C7 /* mnist_train_100.csv in Resources */ = {isa = PBXBuildFile; fileRef = D8CD4E652362EF8C001215C7 /* mnist_train_100.csv */; };
		D8CD4E672362EF91001215C7 /* mnist_train_100.csv in Resources */ = {isa = PBXBuildFile; fileRef = D8CD4E652362EF8C001215C7 /* mnist_train_100.csv */; };
		D8CD4E76236322F4001215C7 /* 3EmptyLines.cvs in Resources */ = {isa = PBXBuildFile; fileRef = D8CD4E75236322F4001215C7 /* 3EmptyLines.cvs */; };
		D8E230B023602F1700336917 /* MainViewModel.swift in Sources */ = {isa = PBXBuildFile; fileRef = D8E230AF23602F1700336917 /* MainViewModel.swift */; };
		D8E230B42360301F00336917 /* TrainCSVReaderTests.swift in Sources */ = {isa = PBXBuildFile; fileRef = D8E230B32360301F00336917 /* TrainCSVReaderTests.swift */; };
		D8E230B72360333700336917 /* EmptyFile.csv in Resources */ = {isa = PBXBuildFile; fileRef = D8E230B62360333700336917 /* EmptyFile.csv */; };
		D8E230BA2360495D00336917 /* 3Lines.csv in Resources */ = {isa = PBXBuildFile; fileRef = D8E230B92360495D00336917 /* 3Lines.csv */; };
		D8F4EA2F2368C6F000AEBC43 /* MatrixCalculationsTests.swift in Sources */ = {isa = PBXBuildFile; fileRef = D8F4EA2E2368C6F000AEBC43 /* MatrixCalculationsTests.swift */; };
		D8F4EA312368C94000AEBC43 /* MatrixDoubleCalculationsTests.swift in Sources */ = {isa = PBXBuildFile; fileRef = D8F4EA302368C94000AEBC43 /* MatrixDoubleCalculationsTests.swift */; };
		D8F4EA332368D4A000AEBC43 /* MatrixGeneratorTests.swift in Sources */ = {isa = PBXBuildFile; fileRef = D8F4EA322368D4A000AEBC43 /* MatrixGeneratorTests.swift */; };
		EE420AD1B8045EAFC67B7916 /* Pods_NeuralNetwork.framework in Frameworks */ = {isa = PBXBuildFile; fileRef = D178F083B37E6A23CD4E21E0 /* Pods_NeuralNetwork.framework */; };
/* End PBXBuildFile section */

/* Begin PBXContainerItemProxy section */
		D8BFB5EC235CBE8C00D172E2 /* PBXContainerItemProxy */ = {
			isa = PBXContainerItemProxy;
			containerPortal = D8BFB5D1235CBE8A00D172E2 /* Project object */;
			proxyType = 1;
			remoteGlobalIDString = D8BFB5D8235CBE8B00D172E2;
			remoteInfo = NeuralNetwork;
		};
/* End PBXContainerItemProxy section */

/* Begin PBXFileReference section */
		01B0F563F9F99AF939B6DA8D /* Pods-NeuralNetwork.debug.xcconfig */ = {isa = PBXFileReference; includeInIndex = 1; lastKnownFileType = text.xcconfig; name = "Pods-NeuralNetwork.debug.xcconfig"; path = "Target Support Files/Pods-NeuralNetwork/Pods-NeuralNetwork.debug.xcconfig"; sourceTree = "<group>"; };
		0D8943E99926C70FEDB2C56F /* Pods-NeuralNetworkTests.release.xcconfig */ = {isa = PBXFileReference; includeInIndex = 1; lastKnownFileType = text.xcconfig; name = "Pods-NeuralNetworkTests.release.xcconfig"; path = "Target Support Files/Pods-NeuralNetworkTests/Pods-NeuralNetworkTests.release.xcconfig"; sourceTree = "<group>"; };
		5EEE335964DFD16877FE6678 /* Pods-NeuralNetwork.release.xcconfig */ = {isa = PBXFileReference; includeInIndex = 1; lastKnownFileType = text.xcconfig; name = "Pods-NeuralNetwork.release.xcconfig"; path = "Target Support Files/Pods-NeuralNetwork/Pods-NeuralNetwork.release.xcconfig"; sourceTree = "<group>"; };
		6322F2B2C8021E7533FC2746 /* Pods_NeuralNetworkTests.framework */ = {isa = PBXFileReference; explicitFileType = wrapper.framework; includeInIndex = 0; path = Pods_NeuralNetworkTests.framework; sourceTree = BUILT_PRODUCTS_DIR; };
		D178F083B37E6A23CD4E21E0 /* Pods_NeuralNetwork.framework */ = {isa = PBXFileReference; explicitFileType = wrapper.framework; includeInIndex = 0; path = Pods_NeuralNetwork.framework; sourceTree = BUILT_PRODUCTS_DIR; };
		D1EB3F92C0B7869BADBC350E /* Pods-NeuralNetworkTests.debug.xcconfig */ = {isa = PBXFileReference; includeInIndex = 1; lastKnownFileType = text.xcconfig; name = "Pods-NeuralNetworkTests.debug.xcconfig"; path = "Target Support Files/Pods-NeuralNetworkTests/Pods-NeuralNetworkTests.debug.xcconfig"; sourceTree = "<group>"; };
		D819626F235F67A900D78B3F /* MainWindowController.swift */ = {isa = PBXFileReference; lastKnownFileType = sourcecode.swift; path = MainWindowController.swift; sourceTree = "<group>"; };
		D8196270235F67A900D78B3F /* MainWindowController.xib */ = {isa = PBXFileReference; lastKnownFileType = file.xib; path = MainWindowController.xib; sourceTree = "<group>"; };
		D8196273235F683D00D78B3F /* MainScreenAssembly.swift */ = {isa = PBXFileReference; lastKnownFileType = sourcecode.swift; path = MainScreenAssembly.swift; sourceTree = "<group>"; };
		D8196275235F6D1000D78B3F /* MainViewController.swift */ = {isa = PBXFileReference; lastKnownFileType = sourcecode.swift; path = MainViewController.swift; sourceTree = "<group>"; };
		D8196276235F6D1000D78B3F /* MainViewController.xib */ = {isa = PBXFileReference; lastKnownFileType = file.xib; path = MainViewController.xib; sourceTree = "<group>"; };
		D81962A2235F755800D78B3F /* Base */ = {isa = PBXFileReference; lastKnownFileType = file.xib; name = Base; path = Base.lproj/MainMenu.xib; sourceTree = "<group>"; };
		D85007902364B0EE0052A514 /* BitmapView.swift */ = {isa = PBXFileReference; lastKnownFileType = sourcecode.swift; path = BitmapView.swift; sourceTree = "<group>"; };
		D85007922364D5AC0052A514 /* BitmapViewModel.swift */ = {isa = PBXFileReference; lastKnownFileType = sourcecode.swift; path = BitmapViewModel.swift; sourceTree = "<group>"; };
		D85007942364D5E10052A514 /* BitmapView.xib */ = {isa = PBXFileReference; lastKnownFileType = file.xib; path = BitmapView.xib; sourceTree = "<group>"; };
		D860225D23657E68003D0AAE /* NSNib+Extensions.swift */ = {isa = PBXFileReference; lastKnownFileType = sourcecode.swift; path = "NSNib+Extensions.swift"; sourceTree = "<group>"; };
		D860226123658E53003D0AAE /* FileReader.swift */ = {isa = PBXFileReference; fileEncoding = 4; lastKnownFileType = sourcecode.swift; path = FileReader.swift; sourceTree = "<group>"; };
		D8602265236610CF003D0AAE /* MatrixTests.swift */ = {isa = PBXFileReference; lastKnownFileType = sourcecode.swift; path = MatrixTests.swift; sourceTree = "<group>"; };
		D8A06E672374B4A300DD2433 /* testfile.txt */ = {isa = PBXFileReference; lastKnownFileType = text; path = testfile.txt; sourceTree = "<group>"; };
		D8BFB5D9235CBE8B00D172E2 /* NeuralNetwork.app */ = {isa = PBXFileReference; explicitFileType = wrapper.application; includeInIndex = 0; path = NeuralNetwork.app; sourceTree = BUILT_PRODUCTS_DIR; };
		D8BFB5DC235CBE8B00D172E2 /* AppDelegate.swift */ = {isa = PBXFileReference; lastKnownFileType = sourcecode.swift; path = AppDelegate.swift; sourceTree = "<group>"; };
		D8BFB5E0235CBE8B00D172E2 /* Assets.xcassets */ = {isa = PBXFileReference; lastKnownFileType = folder.assetcatalog; path = Assets.xcassets; sourceTree = "<group>"; };
		D8BFB5E5235CBE8B00D172E2 /* Info.plist */ = {isa = PBXFileReference; lastKnownFileType = text.plist.xml; path = Info.plist; sourceTree = "<group>"; };
		D8BFB5E6235CBE8B00D172E2 /* NeuralNetwork.entitlements */ = {isa = PBXFileReference; lastKnownFileType = text.plist.entitlements; path = NeuralNetwork.entitlements; sourceTree = "<group>"; };
		D8BFB5EB235CBE8C00D172E2 /* NeuralNetworkTests.xctest */ = {isa = PBXFileReference; explicitFileType = wrapper.cfbundle; includeInIndex = 0; path = NeuralNetworkTests.xctest; sourceTree = BUILT_PRODUCTS_DIR; };
		D8BFB5EF235CBE8C00D172E2 /* NeuralNetworkTests.swift */ = {isa = PBXFileReference; lastKnownFileType = sourcecode.swift; path = NeuralNetworkTests.swift; sourceTree = "<group>"; };
		D8BFB5F1235CBE8C00D172E2 /* Info.plist */ = {isa = PBXFileReference; lastKnownFileType = text.plist.xml; path = Info.plist; sourceTree = "<group>"; };
		D8BFB5FB235CC12C00D172E2 /* MatrixIterator.swift */ = {isa = PBXFileReference; fileEncoding = 4; lastKnownFileType = sourcecode.swift; path = MatrixIterator.swift; sourceTree = "<group>"; };
		D8BFB5FC235CC12C00D172E2 /* Matrix.swift */ = {isa = PBXFileReference; fileEncoding = 4; lastKnownFileType = sourcecode.swift; path = Matrix.swift; sourceTree = "<group>"; };
		D8BFB5FD235CC12C00D172E2 /* MatrixExtensions.swift */ = {isa = PBXFileReference; fileEncoding = 4; lastKnownFileType = sourcecode.swift; path = MatrixExtensions.swift; sourceTree = "<group>"; };
		D8BFB5FF235CC12D00D172E2 /* NeuralNetwork.swift */ = {isa = PBXFileReference; fileEncoding = 4; lastKnownFileType = sourcecode.swift; path = NeuralNetwork.swift; sourceTree = "<group>"; };
		D8BFB606235CCB9500D172E2 /* CoreAssembly.swift */ = {isa = PBXFileReference; lastKnownFileType = sourcecode.swift; path = CoreAssembly.swift; sourceTree = "<group>"; };
		D8BFB608235CEA8600D172E2 /* ServicesPool.swift */ = {isa = PBXFileReference; lastKnownFileType = sourcecode.swift; path = ServicesPool.swift; sourceTree = "<group>"; };
		D8C130DF23636F7C007E421D /* CharacterMetadata.swift */ = {isa = PBXFileReference; lastKnownFileType = sourcecode.swift; path = CharacterMetadata.swift; sourceTree = "<group>"; };
		D8C130E123638E6B007E421D /* CharactersParser.swift */ = {isa = PBXFileReference; lastKnownFileType = sourcecode.swift; path = CharactersParser.swift; sourceTree = "<group>"; };
		D8C130E423638ECB007E421D /* BitmapMetadataParserTests.swift */ = {isa = PBXFileReference; lastKnownFileType = sourcecode.swift; path = BitmapMetadataParserTests.swift; sourceTree = "<group>"; };
		D8CA5C8E237357810050308A /* NormalDistribution.swift */ = {isa = PBXFileReference; lastKnownFileType = sourcecode.swift; path = NormalDistribution.swift; sourceTree = "<group>"; };
		D8CD4E652362EF8C001215C7 /* mnist_train_100.csv */ = {isa = PBXFileReference; fileEncoding = 4; lastKnownFileType = text; path = mnist_train_100.csv; sourceTree = "<group>"; };
		D8CD4E75236322F4001215C7 /* 3EmptyLines.cvs */ = {isa = PBXFileReference; lastKnownFileType = text; path = 3EmptyLines.cvs; sourceTree = "<group>"; };
		D8E230AF23602F1700336917 /* MainViewModel.swift */ = {isa = PBXFileReference; lastKnownFileType = sourcecode.swift; path = MainViewModel.swift; sourceTree = "<group>"; };
		D8E230B32360301F00336917 /* TrainCSVReaderTests.swift */ = {isa = PBXFileReference; lastKnownFileType = sourcecode.swift; path = TrainCSVReaderTests.swift; sourceTree = "<group>"; };
		D8E230B62360333700336917 /* EmptyFile.csv */ = {isa = PBXFileReference; lastKnownFileType = text; path = EmptyFile.csv; sourceTree = "<group>"; };
		D8E230B92360495D00336917 /* 3Lines.csv */ = {isa = PBXFileReference; lastKnownFileType = text; path = 3Lines.csv; sourceTree = "<group>"; };
		D8F4EA2E2368C6F000AEBC43 /* MatrixCalculationsTests.swift */ = {isa = PBXFileReference; lastKnownFileType = sourcecode.swift; path = MatrixCalculationsTests.swift; sourceTree = "<group>"; };
		D8F4EA302368C94000AEBC43 /* MatrixDoubleCalculationsTests.swift */ = {isa = PBXFileReference; lastKnownFileType = sourcecode.swift; path = MatrixDoubleCalculationsTests.swift; sourceTree = "<group>"; };
		D8F4EA322368D4A000AEBC43 /* MatrixGeneratorTests.swift */ = {isa = PBXFileReference; lastKnownFileType = sourcecode.swift; path = MatrixGeneratorTests.swift; sourceTree = "<group>"; };
/* End PBXFileReference section */

/* Begin PBXFrameworksBuildPhase section */
		D8BFB5D6235CBE8B00D172E2 /* Frameworks */ = {
			isa = PBXFrameworksBuildPhase;
			buildActionMask = 2147483647;
			files = (
				EE420AD1B8045EAFC67B7916 /* Pods_NeuralNetwork.framework in Frameworks */,
			);
			runOnlyForDeploymentPostprocessing = 0;
		};
		D8BFB5E8235CBE8C00D172E2 /* Frameworks */ = {
			isa = PBXFrameworksBuildPhase;
			buildActionMask = 2147483647;
			files = (
				A9C232F9B838C3853FE76101 /* Pods_NeuralNetworkTests.framework in Frameworks */,
			);
			runOnlyForDeploymentPostprocessing = 0;
		};
/* End PBXFrameworksBuildPhase section */

/* Begin PBXGroup section */
		06B2E835F171619B411BCF41 /* Pods */ = {
			isa = PBXGroup;
			children = (
				01B0F563F9F99AF939B6DA8D /* Pods-NeuralNetwork.debug.xcconfig */,
				5EEE335964DFD16877FE6678 /* Pods-NeuralNetwork.release.xcconfig */,
				D1EB3F92C0B7869BADBC350E /* Pods-NeuralNetworkTests.debug.xcconfig */,
				0D8943E99926C70FEDB2C56F /* Pods-NeuralNetworkTests.release.xcconfig */,
			);
			path = Pods;
			sourceTree = "<group>";
		};
		784FD476681FF7DD7426A1C0 /* Frameworks */ = {
			isa = PBXGroup;
			children = (
				D178F083B37E6A23CD4E21E0 /* Pods_NeuralNetwork.framework */,
				6322F2B2C8021E7533FC2746 /* Pods_NeuralNetworkTests.framework */,
			);
			name = Frameworks;
			sourceTree = "<group>";
		};
		D860225C23657E57003D0AAE /* Core */ = {
			isa = PBXGroup;
			children = (
				D860225D23657E68003D0AAE /* NSNib+Extensions.swift */,
			);
			path = Core;
			sourceTree = "<group>";
		};
		D8602264236610BA003D0AAE /* MatrixTests */ = {
			isa = PBXGroup;
			children = (
				D8602265236610CF003D0AAE /* MatrixTests.swift */,
				D8F4EA2E2368C6F000AEBC43 /* MatrixCalculationsTests.swift */,
				D8F4EA302368C94000AEBC43 /* MatrixDoubleCalculationsTests.swift */,
				D8F4EA322368D4A000AEBC43 /* MatrixGeneratorTests.swift */,
			);
			path = MatrixTests;
			sourceTree = "<group>";
		};
		D8BFB5D0235CBE8A00D172E2 = {
			isa = PBXGroup;
			children = (
				D8CD4E642362EF8C001215C7 /* DataSet */,
				D8BFB5DB235CBE8B00D172E2 /* NeuralNetwork */,
				D8BFB5EE235CBE8C00D172E2 /* NeuralNetworkTests */,
				D8BFB5DA235CBE8B00D172E2 /* Products */,
				06B2E835F171619B411BCF41 /* Pods */,
				784FD476681FF7DD7426A1C0 /* Frameworks */,
			);
			sourceTree = "<group>";
		};
		D8BFB5DA235CBE8B00D172E2 /* Products */ = {
			isa = PBXGroup;
			children = (
				D8BFB5D9235CBE8B00D172E2 /* NeuralNetwork.app */,
				D8BFB5EB235CBE8C00D172E2 /* NeuralNetworkTests.xctest */,
			);
			name = Products;
			sourceTree = "<group>";
		};
		D8BFB5DB235CBE8B00D172E2 /* NeuralNetwork */ = {
			isa = PBXGroup;
			children = (
				D8BFB5DC235CBE8B00D172E2 /* AppDelegate.swift */,
				D860225C23657E57003D0AAE /* Core */,
				D8BFB608235CEA8600D172E2 /* ServicesPool.swift */,
				D8BFB606235CCB9500D172E2 /* CoreAssembly.swift */,
				D819626F235F67A900D78B3F /* MainWindowController.swift */,
				D8196270235F67A900D78B3F /* MainWindowController.xib */,
				D8196275235F6D1000D78B3F /* MainViewController.swift */,
				D8196276235F6D1000D78B3F /* MainViewController.xib */,
				D8196273235F683D00D78B3F /* MainScreenAssembly.swift */,
				D8E230AF23602F1700336917 /* MainViewModel.swift */,
				D8BFB5FC235CC12C00D172E2 /* Matrix.swift */,
				D8BFB5FD235CC12C00D172E2 /* MatrixExtensions.swift */,
				D8BFB5FB235CC12C00D172E2 /* MatrixIterator.swift */,
				D81962A1235F755800D78B3F /* MainMenu.xib */,
				D8C130DF23636F7C007E421D /* CharacterMetadata.swift */,
				D860226123658E53003D0AAE /* FileReader.swift */,
				D8C130E123638E6B007E421D /* CharactersParser.swift */,
				D8BFB5FF235CC12D00D172E2 /* NeuralNetwork.swift */,
				D85007902364B0EE0052A514 /* BitmapView.swift */,
				D85007942364D5E10052A514 /* BitmapView.xib */,
				D85007922364D5AC0052A514 /* BitmapViewModel.swift */,
				D8CA5C8E237357810050308A /* NormalDistribution.swift */,
				D8BFB5E0235CBE8B00D172E2 /* Assets.xcassets */,
				D8BFB5E5235CBE8B00D172E2 /* Info.plist */,
				D8BFB5E6235CBE8B00D172E2 /* NeuralNetwork.entitlements */,
			);
			path = NeuralNetwork;
			sourceTree = "<group>";
		};
		D8BFB5EE235CBE8C00D172E2 /* NeuralNetworkTests */ = {
			isa = PBXGroup;
			children = (
				D8602264236610BA003D0AAE /* MatrixTests */,
				D8C88DCF2371E9020013E4CA /* NeuralNetworkTests */,
				D8C130E323638EAF007E421D /* BitmapMetadataParserTests */,
				D8E230B5236032F800336917 /* TrainCSVReaderTests */,
				D8BFB5F1235CBE8C00D172E2 /* Info.plist */,
			);
			path = NeuralNetworkTests;
			sourceTree = "<group>";
		};
		D8C130E323638EAF007E421D /* BitmapMetadataParserTests */ = {
			isa = PBXGroup;
			children = (
				D8C130E423638ECB007E421D /* BitmapMetadataParserTests.swift */,
			);
			path = BitmapMetadataParserTests;
			sourceTree = "<group>";
		};
		D8C88DCF2371E9020013E4CA /* NeuralNetworkTests */ = {
			isa = PBXGroup;
			children = (
				D8BFB5EF235CBE8C00D172E2 /* NeuralNetworkTests.swift */,
				D8A06E672374B4A300DD2433 /* testfile.txt */,
			);
			path = NeuralNetworkTests;
			sourceTree = "<group>";
		};
		D8CD4E642362EF8C001215C7 /* DataSet */ = {
			isa = PBXGroup;
			children = (
				D8CD4E652362EF8C001215C7 /* mnist_train_100.csv */,
			);
			path = DataSet;
			sourceTree = "<group>";
		};
		D8E230B5236032F800336917 /* TrainCSVReaderTests */ = {
			isa = PBXGroup;
			children = (
				D8E230B32360301F00336917 /* TrainCSVReaderTests.swift */,
				D8E230B62360333700336917 /* EmptyFile.csv */,
				D8E230B92360495D00336917 /* 3Lines.csv */,
				D8CD4E75236322F4001215C7 /* 3EmptyLines.cvs */,
			);
			path = TrainCSVReaderTests;
			sourceTree = "<group>";
		};
/* End PBXGroup section */

/* Begin PBXNativeTarget section */
		D8BFB5D8235CBE8B00D172E2 /* NeuralNetwork */ = {
			isa = PBXNativeTarget;
			buildConfigurationList = D8BFB5F4235CBE8C00D172E2 /* Build configuration list for PBXNativeTarget "NeuralNetwork" */;
			buildPhases = (
				46CED47B28D511C3A144528A /* [CP] Check Pods Manifest.lock */,
				D8BFB5D5235CBE8B00D172E2 /* Sources */,
				D8BFB5D6235CBE8B00D172E2 /* Frameworks */,
				D8BFB5D7235CBE8B00D172E2 /* Resources */,
				DA414CC3525755AFD345076F /* [CP] Embed Pods Frameworks */,
			);
			buildRules = (
			);
			dependencies = (
			);
			name = NeuralNetwork;
			productName = NeuralNetwork;
			productReference = D8BFB5D9235CBE8B00D172E2 /* NeuralNetwork.app */;
			productType = "com.apple.product-type.application";
		};
		D8BFB5EA235CBE8C00D172E2 /* NeuralNetworkTests */ = {
			isa = PBXNativeTarget;
			buildConfigurationList = D8BFB5F7235CBE8C00D172E2 /* Build configuration list for PBXNativeTarget "NeuralNetworkTests" */;
			buildPhases = (
				E985B03651D712F90CF32FDE /* [CP] Check Pods Manifest.lock */,
				D8BFB5E7235CBE8C00D172E2 /* Sources */,
				D8BFB5E8235CBE8C00D172E2 /* Frameworks */,
				D8BFB5E9235CBE8C00D172E2 /* Resources */,
			);
			buildRules = (
			);
			dependencies = (
				D8BFB5ED235CBE8C00D172E2 /* PBXTargetDependency */,
			);
			name = NeuralNetworkTests;
			productName = NeuralNetworkTests;
			productReference = D8BFB5EB235CBE8C00D172E2 /* NeuralNetworkTests.xctest */;
			productType = "com.apple.product-type.bundle.unit-test";
		};
/* End PBXNativeTarget section */

/* Begin PBXProject section */
		D8BFB5D1235CBE8A00D172E2 /* Project object */ = {
			isa = PBXProject;
			attributes = {
				LastSwiftUpdateCheck = 1110;
				LastUpgradeCheck = 1110;
				ORGANIZATIONNAME = "Igor Kotkovets";
				TargetAttributes = {
					D8BFB5D8235CBE8B00D172E2 = {
						CreatedOnToolsVersion = 11.1;
					};
					D8BFB5EA235CBE8C00D172E2 = {
						CreatedOnToolsVersion = 11.1;
						TestTargetID = D8BFB5D8235CBE8B00D172E2;
					};
				};
			};
			buildConfigurationList = D8BFB5D4235CBE8A00D172E2 /* Build configuration list for PBXProject "NeuralNetwork" */;
			compatibilityVersion = "Xcode 9.3";
			developmentRegion = en;
			hasScannedForEncodings = 0;
			knownRegions = (
				en,
				Base,
			);
			mainGroup = D8BFB5D0235CBE8A00D172E2;
			productRefGroup = D8BFB5DA235CBE8B00D172E2 /* Products */;
			projectDirPath = "";
			projectRoot = "";
			targets = (
				D8BFB5D8235CBE8B00D172E2 /* NeuralNetwork */,
				D8BFB5EA235CBE8C00D172E2 /* NeuralNetworkTests */,
			);
		};
/* End PBXProject section */

/* Begin PBXResourcesBuildPhase section */
		D8BFB5D7235CBE8B00D172E2 /* Resources */ = {
			isa = PBXResourcesBuildPhase;
			buildActionMask = 2147483647;
			files = (
				D8196272235F67A900D78B3F /* MainWindowController.xib in Resources */,
				D8CD4E662362EF8C001215C7 /* mnist_train_100.csv in Resources */,
				D8196278235F6D1000D78B3F /* MainViewController.xib in Resources */,
				D8BFB5E1235CBE8B00D172E2 /* Assets.xcassets in Resources */,
				D81962A3235F755800D78B3F /* MainMenu.xib in Resources */,
				D85007952364D5E10052A514 /* BitmapView.xib in Resources */,
			);
			runOnlyForDeploymentPostprocessing = 0;
		};
		D8BFB5E9235CBE8C00D172E2 /* Resources */ = {
			isa = PBXResourcesBuildPhase;
			buildActionMask = 2147483647;
			files = (
				D8CD4E672362EF91001215C7 /* mnist_train_100.csv in Resources */,
				D8E230BA2360495D00336917 /* 3Lines.csv in Resources */,
				D8CD4E76236322F4001215C7 /* 3EmptyLines.cvs in Resources */,
				D8A06E682374B4A300DD2433 /* testfile.txt in Resources */,
				D8E230B72360333700336917 /* EmptyFile.csv in Resources */,
			);
			runOnlyForDeploymentPostprocessing = 0;
		};
/* End PBXResourcesBuildPhase section */

/* Begin PBXShellScriptBuildPhase section */
		46CED47B28D511C3A144528A /* [CP] Check Pods Manifest.lock */ = {
			isa = PBXShellScriptBuildPhase;
			buildActionMask = 2147483647;
			files = (
			);
			inputFileListPaths = (
			);
			inputPaths = (
				"${PODS_PODFILE_DIR_PATH}/Podfile.lock",
				"${PODS_ROOT}/Manifest.lock",
			);
			name = "[CP] Check Pods Manifest.lock";
			outputFileListPaths = (
			);
			outputPaths = (
				"$(DERIVED_FILE_DIR)/Pods-NeuralNetwork-checkManifestLockResult.txt",
			);
			runOnlyForDeploymentPostprocessing = 0;
			shellPath = /bin/sh;
			shellScript = "diff \"${PODS_PODFILE_DIR_PATH}/Podfile.lock\" \"${PODS_ROOT}/Manifest.lock\" > /dev/null\nif [ $? != 0 ] ; then\n    # print error to STDERR\n    echo \"error: The sandbox is not in sync with the Podfile.lock. Run 'pod install' or update your CocoaPods installation.\" >&2\n    exit 1\nfi\n# This output is used by Xcode 'outputs' to avoid re-running this script phase.\necho \"SUCCESS\" > \"${SCRIPT_OUTPUT_FILE_0}\"\n";
			showEnvVarsInLog = 0;
		};
		DA414CC3525755AFD345076F /* [CP] Embed Pods Frameworks */ = {
			isa = PBXShellScriptBuildPhase;
			buildActionMask = 2147483647;
			files = (
			);
			inputFileListPaths = (
				"${PODS_ROOT}/Target Support Files/Pods-NeuralNetwork/Pods-NeuralNetwork-frameworks-${CONFIGURATION}-input-files.xcfilelist",
			);
			name = "[CP] Embed Pods Frameworks";
			outputFileListPaths = (
				"${PODS_ROOT}/Target Support Files/Pods-NeuralNetwork/Pods-NeuralNetwork-frameworks-${CONFIGURATION}-output-files.xcfilelist",
			);
			runOnlyForDeploymentPostprocessing = 0;
			shellPath = /bin/sh;
			shellScript = "\"${PODS_ROOT}/Target Support Files/Pods-NeuralNetwork/Pods-NeuralNetwork-frameworks.sh\"\n";
			showEnvVarsInLog = 0;
		};
		E985B03651D712F90CF32FDE /* [CP] Check Pods Manifest.lock */ = {
			isa = PBXShellScriptBuildPhase;
			buildActionMask = 2147483647;
			files = (
			);
			inputFileListPaths = (
			);
			inputPaths = (
				"${PODS_PODFILE_DIR_PATH}/Podfile.lock",
				"${PODS_ROOT}/Manifest.lock",
			);
			name = "[CP] Check Pods Manifest.lock";
			outputFileListPaths = (
			);
			outputPaths = (
				"$(DERIVED_FILE_DIR)/Pods-NeuralNetworkTests-checkManifestLockResult.txt",
			);
			runOnlyForDeploymentPostprocessing = 0;
			shellPath = /bin/sh;
			shellScript = "diff \"${PODS_PODFILE_DIR_PATH}/Podfile.lock\" \"${PODS_ROOT}/Manifest.lock\" > /dev/null\nif [ $? != 0 ] ; then\n    # print error to STDERR\n    echo \"error: The sandbox is not in sync with the Podfile.lock. Run 'pod install' or update your CocoaPods installation.\" >&2\n    exit 1\nfi\n# This output is used by Xcode 'outputs' to avoid re-running this script phase.\necho \"SUCCESS\" > \"${SCRIPT_OUTPUT_FILE_0}\"\n";
			showEnvVarsInLog = 0;
		};
/* End PBXShellScriptBuildPhase section */

/* Begin PBXSourcesBuildPhase section */
		D8BFB5D5235CBE8B00D172E2 /* Sources */ = {
			isa = PBXSourcesBuildPhase;
			buildActionMask = 2147483647;
			files = (
				D8BFB601235CC12D00D172E2 /* MatrixIterator.swift in Sources */,
				D8C130E023636F7C007E421D /* CharacterMetadata.swift in Sources */,
				D8BFB609235CEA8600D172E2 /* ServicesPool.swift in Sources */,
				D860225E23657E68003D0AAE /* NSNib+Extensions.swift in Sources */,
				D8196274235F683D00D78B3F /* MainScreenAssembly.swift in Sources */,
				D8196277235F6D1000D78B3F /* MainViewController.swift in Sources */,
				D8E230B023602F1700336917 /* MainViewModel.swift in Sources */,
				D85007912364B0EE0052A514 /* BitmapView.swift in Sources */,
				D8BFB602235CC12D00D172E2 /* Matrix.swift in Sources */,
				D860226223658E53003D0AAE /* FileReader.swift in Sources */,
				D85007932364D5AC0052A514 /* BitmapViewModel.swift in Sources */,
				D8196271235F67A900D78B3F /* MainWindowController.swift in Sources */,
				D8BFB607235CCB9500D172E2 /* CoreAssembly.swift in Sources */,
				D8BFB603235CC12D00D172E2 /* MatrixExtensions.swift in Sources */,
				D8BFB5DD235CBE8B00D172E2 /* AppDelegate.swift in Sources */,
				D8C130E223638E6B007E421D /* CharactersParser.swift in Sources */,
				D8CA5C8F237357810050308A /* NormalDistribution.swift in Sources */,
				D8BFB605235CC12D00D172E2 /* NeuralNetwork.swift in Sources */,
			);
			runOnlyForDeploymentPostprocessing = 0;
		};
		D8BFB5E7235CBE8C00D172E2 /* Sources */ = {
			isa = PBXSourcesBuildPhase;
			buildActionMask = 2147483647;
			files = (
				D8602266236610CF003D0AAE /* MatrixTests.swift in Sources */,
				D8A291E723642DC900ABA223 /* Matrix.swift in Sources */,
				D8C130E523638ECB007E421D /* BitmapMetadataParserTests.swift in Sources */,
				D8E230B42360301F00336917 /* TrainCSVReaderTests.swift in Sources */,
				D8F4EA332368D4A000AEBC43 /* MatrixGeneratorTests.swift in Sources */,
				D8F4EA2F2368C6F000AEBC43 /* MatrixCalculationsTests.swift in Sources */,
				D8A291E1236429BC00ABA223 /* CharactersParser.swift in Sources */,
				D8A291E92364398C00ABA223 /* MatrixIterator.swift in Sources */,
				D8BFB5F0235CBE8C00D172E2 /* NeuralNetworkTests.swift in Sources */,
				D860226323658F17003D0AAE /* FileReader.swift in Sources */,
				D8F4EA312368C94000AEBC43 /* MatrixDoubleCalculationsTests.swift in Sources */,
				D8A291E423642A5D00ABA223 /* CharacterMetadata.swift in Sources */,
			);
			runOnlyForDeploymentPostprocessing = 0;
		};
/* End PBXSourcesBuildPhase section */

/* Begin PBXTargetDependency section */
		D8BFB5ED235CBE8C00D172E2 /* PBXTargetDependency */ = {
			isa = PBXTargetDependency;
			target = D8BFB5D8235CBE8B00D172E2 /* NeuralNetwork */;
			targetProxy = D8BFB5EC235CBE8C00D172E2 /* PBXContainerItemProxy */;
		};
/* End PBXTargetDependency section */

/* Begin PBXVariantGroup section */
		D81962A1235F755800D78B3F /* MainMenu.xib */ = {
			isa = PBXVariantGroup;
			children = (
				D81962A2235F755800D78B3F /* Base */,
			);
			name = MainMenu.xib;
			sourceTree = "<group>";
		};
/* End PBXVariantGroup section */

/* Begin XCBuildConfiguration section */
		D8BFB5F2235CBE8C00D172E2 /* Debug */ = {
			isa = XCBuildConfiguration;
			buildSettings = {
				ALWAYS_SEARCH_USER_PATHS = NO;
				CLANG_ANALYZER_NONNULL = YES;
				CLANG_ANALYZER_NUMBER_OBJECT_CONVERSION = YES_AGGRESSIVE;
				CLANG_CXX_LANGUAGE_STANDARD = "gnu++14";
				CLANG_CXX_LIBRARY = "libc++";
				CLANG_ENABLE_MODULES = YES;
				CLANG_ENABLE_OBJC_ARC = YES;
				CLANG_ENABLE_OBJC_WEAK = YES;
				CLANG_WARN_BLOCK_CAPTURE_AUTORELEASING = YES;
				CLANG_WARN_BOOL_CONVERSION = YES;
				CLANG_WARN_COMMA = YES;
				CLANG_WARN_CONSTANT_CONVERSION = YES;
				CLANG_WARN_DEPRECATED_OBJC_IMPLEMENTATIONS = YES;
				CLANG_WARN_DIRECT_OBJC_ISA_USAGE = YES_ERROR;
				CLANG_WARN_DOCUMENTATION_COMMENTS = YES;
				CLANG_WARN_EMPTY_BODY = YES;
				CLANG_WARN_ENUM_CONVERSION = YES;
				CLANG_WARN_INFINITE_RECURSION = YES;
				CLANG_WARN_INT_CONVERSION = YES;
				CLANG_WARN_NON_LITERAL_NULL_CONVERSION = YES;
				CLANG_WARN_OBJC_IMPLICIT_RETAIN_SELF = YES;
				CLANG_WARN_OBJC_LITERAL_CONVERSION = YES;
				CLANG_WARN_OBJC_ROOT_CLASS = YES_ERROR;
				CLANG_WARN_RANGE_LOOP_ANALYSIS = YES;
				CLANG_WARN_STRICT_PROTOTYPES = YES;
				CLANG_WARN_SUSPICIOUS_MOVE = YES;
				CLANG_WARN_UNGUARDED_AVAILABILITY = YES_AGGRESSIVE;
				CLANG_WARN_UNREACHABLE_CODE = YES;
				CLANG_WARN__DUPLICATE_METHOD_MATCH = YES;
				COPY_PHASE_STRIP = NO;
				DEBUG_INFORMATION_FORMAT = dwarf;
				ENABLE_STRICT_OBJC_MSGSEND = YES;
				ENABLE_TESTABILITY = YES;
				GCC_C_LANGUAGE_STANDARD = gnu11;
				GCC_DYNAMIC_NO_PIC = NO;
				GCC_NO_COMMON_BLOCKS = YES;
				GCC_OPTIMIZATION_LEVEL = 0;
				GCC_PREPROCESSOR_DEFINITIONS = (
					"DEBUG=1",
					"$(inherited)",
				);
				GCC_WARN_64_TO_32_BIT_CONVERSION = YES;
				GCC_WARN_ABOUT_RETURN_TYPE = YES_ERROR;
				GCC_WARN_UNDECLARED_SELECTOR = YES;
				GCC_WARN_UNINITIALIZED_AUTOS = YES_AGGRESSIVE;
				GCC_WARN_UNUSED_FUNCTION = YES;
				GCC_WARN_UNUSED_VARIABLE = YES;
				MACOSX_DEPLOYMENT_TARGET = 10.14;
				MTL_ENABLE_DEBUG_INFO = INCLUDE_SOURCE;
				MTL_FAST_MATH = YES;
				ONLY_ACTIVE_ARCH = YES;
				SDKROOT = macosx;
				SWIFT_ACTIVE_COMPILATION_CONDITIONS = DEBUG;
				SWIFT_OPTIMIZATION_LEVEL = "-Onone";
			};
			name = Debug;
		};
		D8BFB5F3235CBE8C00D172E2 /* Release */ = {
			isa = XCBuildConfiguration;
			buildSettings = {
				ALWAYS_SEARCH_USER_PATHS = NO;
				CLANG_ANALYZER_NONNULL = YES;
				CLANG_ANALYZER_NUMBER_OBJECT_CONVERSION = YES_AGGRESSIVE;
				CLANG_CXX_LANGUAGE_STANDARD = "gnu++14";
				CLANG_CXX_LIBRARY = "libc++";
				CLANG_ENABLE_MODULES = YES;
				CLANG_ENABLE_OBJC_ARC = YES;
				CLANG_ENABLE_OBJC_WEAK = YES;
				CLANG_WARN_BLOCK_CAPTURE_AUTORELEASING = YES;
				CLANG_WARN_BOOL_CONVERSION = YES;
				CLANG_WARN_COMMA = YES;
				CLANG_WARN_CONSTANT_CONVERSION = YES;
				CLANG_WARN_DEPRECATED_OBJC_IMPLEMENTATIONS = YES;
				CLANG_WARN_DIRECT_OBJC_ISA_USAGE = YES_ERROR;
				CLANG_WARN_DOCUMENTATION_COMMENTS = YES;
				CLANG_WARN_EMPTY_BODY = YES;
				CLANG_WARN_ENUM_CONVERSION = YES;
				CLANG_WARN_INFINITE_RECURSION = YES;
				CLANG_WARN_INT_CONVERSION = YES;
				CLANG_WARN_NON_LITERAL_NULL_CONVERSION = YES;
				CLANG_WARN_OBJC_IMPLICIT_RETAIN_SELF = YES;
				CLANG_WARN_OBJC_LITERAL_CONVERSION = YES;
				CLANG_WARN_OBJC_ROOT_CLASS = YES_ERROR;
				CLANG_WARN_RANGE_LOOP_ANALYSIS = YES;
				CLANG_WARN_STRICT_PROTOTYPES = YES;
				CLANG_WARN_SUSPICIOUS_MOVE = YES;
				CLANG_WARN_UNGUARDED_AVAILABILITY = YES_AGGRESSIVE;
				CLANG_WARN_UNREACHABLE_CODE = YES;
				CLANG_WARN__DUPLICATE_METHOD_MATCH = YES;
				COPY_PHASE_STRIP = NO;
				DEBUG_INFORMATION_FORMAT = "dwarf-with-dsym";
				ENABLE_NS_ASSERTIONS = NO;
				ENABLE_STRICT_OBJC_MSGSEND = YES;
				GCC_C_LANGUAGE_STANDARD = gnu11;
				GCC_NO_COMMON_BLOCKS = YES;
				GCC_WARN_64_TO_32_BIT_CONVERSION = YES;
				GCC_WARN_ABOUT_RETURN_TYPE = YES_ERROR;
				GCC_WARN_UNDECLARED_SELECTOR = YES;
				GCC_WARN_UNINITIALIZED_AUTOS = YES_AGGRESSIVE;
				GCC_WARN_UNUSED_FUNCTION = YES;
				GCC_WARN_UNUSED_VARIABLE = YES;
				MACOSX_DEPLOYMENT_TARGET = 10.14;
				MTL_ENABLE_DEBUG_INFO = NO;
				MTL_FAST_MATH = YES;
				SDKROOT = macosx;
				SWIFT_COMPILATION_MODE = wholemodule;
				SWIFT_OPTIMIZATION_LEVEL = "-O";
			};
			name = Release;
		};
		D8BFB5F5235CBE8C00D172E2 /* Debug */ = {
			isa = XCBuildConfiguration;
			baseConfigurationReference = 01B0F563F9F99AF939B6DA8D /* Pods-NeuralNetwork.debug.xcconfig */;
			buildSettings = {
				ASSETCATALOG_COMPILER_APPICON_NAME = AppIcon;
				CODE_SIGN_ENTITLEMENTS = NeuralNetwork/NeuralNetwork.entitlements;
				CODE_SIGN_IDENTITY = "Apple Development";
				CODE_SIGN_STYLE = Automatic;
				COMBINE_HIDPI_IMAGES = YES;
				DEVELOPMENT_TEAM = L454S9SQH7;
				ENABLE_HARDENED_RUNTIME = YES;
				INFOPLIST_FILE = NeuralNetwork/Info.plist;
				LD_RUNPATH_SEARCH_PATHS = (
					"$(inherited)",
					"@executable_path/../Frameworks",
				);
				PRODUCT_BUNDLE_IDENTIFIER = IK.NeuralNetwork;
				PRODUCT_NAME = "$(TARGET_NAME)";
				SWIFT_VERSION = 5.0;
			};
			name = Debug;
		};
		D8BFB5F6235CBE8C00D172E2 /* Release */ = {
			isa = XCBuildConfiguration;
			baseConfigurationReference = 5EEE335964DFD16877FE6678 /* Pods-NeuralNetwork.release.xcconfig */;
			buildSettings = {
				ASSETCATALOG_COMPILER_APPICON_NAME = AppIcon;
				CODE_SIGN_ENTITLEMENTS = NeuralNetwork/NeuralNetwork.entitlements;
				CODE_SIGN_IDENTITY = "Apple Development";
				CODE_SIGN_STYLE = Automatic;
				COMBINE_HIDPI_IMAGES = YES;
				DEVELOPMENT_TEAM = L454S9SQH7;
				ENABLE_HARDENED_RUNTIME = YES;
				INFOPLIST_FILE = NeuralNetwork/Info.plist;
				LD_RUNPATH_SEARCH_PATHS = (
					"$(inherited)",
					"@executable_path/../Frameworks",
				);
				PRODUCT_BUNDLE_IDENTIFIER = IK.NeuralNetwork;
				PRODUCT_NAME = "$(TARGET_NAME)";
				SWIFT_VERSION = 5.0;
			};
			name = Release;
		};
		D8BFB5F8235CBE8C00D172E2 /* Debug */ = {
			isa = XCBuildConfiguration;
			baseConfigurationReference = D1EB3F92C0B7869BADBC350E /* Pods-NeuralNetworkTests.debug.xcconfig */;
			buildSettings = {
				ALWAYS_EMBED_SWIFT_STANDARD_LIBRARIES = YES;
				BUNDLE_LOADER = "$(TEST_HOST)";
				CODE_SIGN_STYLE = Automatic;
				COMBINE_HIDPI_IMAGES = YES;
				DEVELOPMENT_TEAM = L454S9SQH7;
				INFOPLIST_FILE = NeuralNetworkTests/Info.plist;
				LD_RUNPATH_SEARCH_PATHS = (
					"$(inherited)",
					"@executable_path/../Frameworks",
					"@loader_path/../Frameworks",
				);
				MACOSX_DEPLOYMENT_TARGET = 10.14;
				PRODUCT_BUNDLE_IDENTIFIER = IK.NeuralNetworkTests;
				PRODUCT_NAME = "$(TARGET_NAME)";
				SWIFT_VERSION = 5.0;
				TEST_HOST = "$(BUILT_PRODUCTS_DIR)/NeuralNetwork.app/Contents/MacOS/NeuralNetwork";
			};
			name = Debug;
		};
		D8BFB5F9235CBE8C00D172E2 /* Release */ = {
			isa = XCBuildConfiguration;
			baseConfigurationReference = 0D8943E99926C70FEDB2C56F /* Pods-NeuralNetworkTests.release.xcconfig */;
			buildSettings = {
				ALWAYS_EMBED_SWIFT_STANDARD_LIBRARIES = YES;
				BUNDLE_LOADER = "$(TEST_HOST)";
				CODE_SIGN_STYLE = Automatic;
				COMBINE_HIDPI_IMAGES = YES;
				DEVELOPMENT_TEAM = L454S9SQH7;
				INFOPLIST_FILE = NeuralNetworkTests/Info.plist;
				LD_RUNPATH_SEARCH_PATHS = (
					"$(inherited)",
					"@executable_path/../Frameworks",
					"@loader_path/../Frameworks",
				);
				MACOSX_DEPLOYMENT_TARGET = 10.14;
				PRODUCT_BUNDLE_IDENTIFIER = IK.NeuralNetworkTests;
				PRODUCT_NAME = "$(TARGET_NAME)";
				SWIFT_VERSION = 5.0;
				TEST_HOST = "$(BUILT_PRODUCTS_DIR)/NeuralNetwork.app/Contents/MacOS/NeuralNetwork";
			};
			name = Release;
		};
/* End XCBuildConfiguration section */

/* Begin XCConfigurationList section */
		D8BFB5D4235CBE8A00D172E2 /* Build configuration list for PBXProject "NeuralNetwork" */ = {
			isa = XCConfigurationList;
			buildConfigurations = (
				D8BFB5F2235CBE8C00D172E2 /* Debug */,
				D8BFB5F3235CBE8C00D172E2 /* Release */,
			);
			defaultConfigurationIsVisible = 0;
			defaultConfigurationName = Release;
		};
		D8BFB5F4235CBE8C00D172E2 /* Build configuration list for PBXNativeTarget "NeuralNetwork" */ = {
			isa = XCConfigurationList;
			buildConfigurations = (
				D8BFB5F5235CBE8C00D172E2 /* Debug */,
				D8BFB5F6235CBE8C00D172E2 /* Release */,
			);
			defaultConfigurationIsVisible = 0;
			defaultConfigurationName = Release;
		};
		D8BFB5F7235CBE8C00D172E2 /* Build configuration list for PBXNativeTarget "NeuralNetworkTests" */ = {
			isa = XCConfigurationList;
			buildConfigurations = (
				D8BFB5F8235CBE8C00D172E2 /* Debug */,
				D8BFB5F9235CBE8C00D172E2 /* Release */,
			);
			defaultConfigurationIsVisible = 0;
			defaultConfigurationName = Release;
		};
/* End XCConfigurationList section */
	};
	rootObject = D8BFB5D1235CBE8A00D172E2 /* Project object */;
}
